{
  "name": "mugen-ffmpeg",
  "version": "0.0.1",
  "lockfileVersion": 3,
  "requires": true,
  "packages": {
    "": {
      "name": "mugen-ffmpeg",
      "version": "0.0.1",
      "hasInstallScript": true,
      "license": "MIT",
      "dependencies": {
        "mugen-ffmpeg": "file:mugen-ffmpeg-0.0.1.tgz"
      },
      "bin": {
        "mugen-ffmpeg": "mugen_ffmpeg.js"
      }
    },
    "node_modules/mugen-ffmpeg": {
      "version": "0.0.1",
      "resolved": "file:mugen-ffmpeg-0.0.1.tgz",
      "integrity": "sha512-KMUOviHM6FKMTQ4FNwNqMYCRnjCd7YrbOjO9tzU79UUtkQmf286HeEEKVAjsV5UHC8t26un60ftbRalDOQJZuA==",
      "hasInstallScript": true,
      "license": "MIT",
      "dependencies": {
        "mugen-ffmpeg": "file:mugen-ffmpeg-0.0.1.tgz"
      },
      "bin": {
        "mugen-ffmpeg": "mugen_ffmpeg.js"
      }
    }
  }
}
